# @generated by Move, please check-in and do not edit manually.

[move]
version = 2
manifest_digest = "0762AAB3CAEEBA16C2B8AD80FF8FE754F1A3B1982CBB9B0787872CA85D3E62DD"
deps_digest = "F8BBB0CCB2491CA29A3DF03D6F92277A4F3574266507ACD77214D37ECA3F3082"
dependencies = [
  { name = "Sui" },
]

[[move.package]]
name = "MoveStdlib"
source = { local = "..\\sui-testnet\\crates\\sui-framework\\packages\\move-stdlib" }

[[move.package]]
name = "Sui"
source = { local = "..\\sui-testnet\\crates\\sui-framework\\packages\\sui-framework" }

dependencies = [
  { name = "MoveStdlib" },
]

[move.toolchain-version]
compiler-version = "1.32.1"
edition = "2024.beta"
flavor = "sui"

