# @generated by Move, please check-in and do not edit manually.

[move]
version = 2
manifest_digest = "CAADBDDA960C079632E604CF1C8E2E70BAC079A4C1E3BBC3FFA4F0B9A67D8E79"
deps_digest = "F8BBB0CCB2491CA29A3DF03D6F92277A4F3574266507ACD77214D37ECA3F3082"
dependencies = [
  { name = "Sui" },
]

[[move.package]]
name = "MoveStdlib"
source = { local = "..\\sui-testnet\\crates\\sui-framework\\packages\\move-stdlib" }

[[move.package]]
name = "Sui"
source = { local = "..\\sui-testnet\\crates\\sui-framework\\packages\\sui-framework" }

dependencies = [
  { name = "MoveStdlib" },
]

[move.toolchain-version]
compiler-version = "1.32.1"
edition = "2024.beta"
flavor = "sui"

[env]

[env.testnet]
chain-id = "4c78adac"
original-published-id = "0xac51dea065957d29fcbd261b0e9ce98dd7402e003ccf82d02129071fef87cd2a"
latest-published-id = "0xac51dea065957d29fcbd261b0e9ce98dd7402e003ccf82d02129071fef87cd2a"
published-version = "1"
